PODS:
  - Flutter (1.0.0)
  - flutter_master (0.0.1):
    - Flutter
  - FlutterPluginRegistrant (0.0.1):
    - Flutter
    - webview_flutter
  - webview_flutter (0.0.1):
    - Flutter

DEPENDENCIES:
  - Flutter (from `Flutter/flutter_master/.ios/Flutter/engine`)
  - flutter_master (from `Flutter/flutter_master/.ios/Flutter`)
  - FlutterPluginRegistrant (from `Flutter/flutter_master/.ios/Flutter/FlutterPluginRegistrant`)
  - webview_flutter (from `Flutter/flutter_master/.ios/Flutter/.symlinks/webview_flutter/ios`)

EXTERNAL SOURCES:
  Flutter:
    :path: Flutter/flutter_master/.ios/Flutter/engine
  flutter_master:
    :path: Flutter/flutter_master/.ios/Flutter
  FlutterPluginRegistrant:
    :path: Flutter/flutter_master/.ios/Flutter/FlutterPluginRegistrant
  webview_flutter:
    :path: Flutter/flutter_master/.ios/Flutter/.symlinks/webview_flutter/ios

SPEC CHECKSUMS:
  Flutter: 0e3d915762c693b495b44d77113d4970485de6ec
  flutter_master: 2bc5551a75c83ea8cf69c0a76d5007cadc08cc0f
  FlutterPluginRegistrant: b1367fc1e5beb7d258a9c449cb1d9af45f434a13
  webview_flutter: d2b4d6c66968ad042ad94cbb791f5b72b4678a96

PODFILE CHECKSUM: 3ecc9a67c12edb23f67a623c0228abcd6a6a2a23

COCOAPODS: 1.7.5
